<?xml version="1.0" encoding="utf-8"?>
<Project ToolsVersion="4.0" xmlns="http://schemas.microsoft.com/developer/msbuild/2003">
  <ItemGroup>
    <Filter Include="Resource Files">
      <UniqueIdentifier>{D9D6E242-F8AF-46E4-B9FD-80ECBC20BA3E}</UniqueIdentifier>
      <Extensions>qrc;*</Extensions>
      <ParseFiles>false</ParseFiles>
    </Filter>
    <Filter Include="Generated Files">
      <UniqueIdentifier>{71ED8ED8-ACB9-4CE9-BBE1-E00B30144E11}</UniqueIdentifier>
      <Extensions>moc;h;cpp</Extensions>
      <SourceControlFiles>False</SourceControlFiles>
    </Filter>
    <Filter Include="Generated Files\Debug">
      <UniqueIdentifier>{a1087276-7b20-4b3e-abf4-c02728a23a8b}</UniqueIdentifier>
      <Extensions>cpp;moc</Extensions>
      <SourceControlFiles>False</SourceControlFiles>
    </Filter>
    <Filter Include="Generated Files\Release">
      <UniqueIdentifier>{832a589e-6ac5-4976-94f4-c99fad58f3d1}</UniqueIdentifier>
      <Extensions>cpp;moc</Extensions>
      <SourceControlFiles>False</SourceControlFiles>
    </Filter>
    <Filter Include="服务器">
      <UniqueIdentifier>{6d2ac304-e0e1-4a47-b6ee-fa8848e0233b}</UniqueIdentifier>
    </Filter>
    <Filter Include="客户端连接线程">
      <UniqueIdentifier>{b80f601a-5e6f-4b47-a807-2fdc02abe511}</UniqueIdentifier>
    </Filter>
    <Filter Include="socket">
      <UniqueIdentifier>{b0151915-7fcb-4143-9198-75490d97c767}</UniqueIdentifier>
    </Filter>
  </ItemGroup>
  <ItemGroup>
    <ClCompile Include="GeneratedFiles\qrc_server.cpp">
      <Filter>Generated Files</Filter>
    </ClCompile>
    <ClCompile Include="main.cpp" />
    <ClCompile Include="GeneratedFiles\Debug\moc_server.cpp">
      <Filter>Generated Files\Debug</Filter>
    </ClCompile>
    <ClCompile Include="GeneratedFiles\Release\moc_server.cpp">
      <Filter>Generated Files\Release</Filter>
    </ClCompile>
    <ClCompile Include="GeneratedFiles\Debug\moc_clientthread.cpp">
      <Filter>Generated Files\Debug</Filter>
    </ClCompile>
    <ClCompile Include="GeneratedFiles\Release\moc_clientthread.cpp">
      <Filter>Generated Files\Release</Filter>
    </ClCompile>
    <ClCompile Include="GeneratedFiles\Debug\moc_tcpsocket.cpp">
      <Filter>Generated Files\Debug</Filter>
    </ClCompile>
    <ClCompile Include="GeneratedFiles\Release\moc_tcpsocket.cpp">
      <Filter>Generated Files\Release</Filter>
    </ClCompile>
    <ClCompile Include="TcpSocket.cpp">
      <Filter>socket</Filter>
    </ClCompile>
    <ClCompile Include="Server.cpp">
      <Filter>服务器</Filter>
    </ClCompile>
    <ClCompile Include="ClientThread.cpp">
      <Filter>客户端连接线程</Filter>
    </ClCompile>
  </ItemGroup>
  <ItemGroup>
    <CustomBuild Include="server.qrc">
      <Filter>Resource Files</Filter>
    </CustomBuild>
    <CustomBuild Include="TcpSocket.h">
      <Filter>socket</Filter>
    </CustomBuild>
    <CustomBuild Include="Server.h">
      <Filter>服务器</Filter>
    </CustomBuild>
    <CustomBuild Include="ClientThread.h">
      <Filter>客户端连接线程</Filter>
    </CustomBuild>
  </ItemGroup>
</Project>